
Microsoft Visual Studio Solution File, Format Version 12.00
# Visual Studio Version 17
VisualStudioVersion = 17.7.34221.43
MinimumVisualStudioVersion = 10.0.40219.1
Project("{FAE04EC0-301F-11D3-BF4B-00C04F79EFBC}") = "endterm_IM2", "endterm_IM2\endterm_IM2.csproj", "{DAA25CEC-FC08-40BC-B363-3033DDD8A159}"
EndProject
Global
	GlobalSection(SolutionConfigurationPlatforms) = preSolution
		Debug|Any CPU = Debug|Any CPU
		Release|Any CPU = Release|Any CPU
	EndGlobalSection
	GlobalSection(ProjectConfigurationPlatforms) = postSolution
		{DAA25CEC-FC08-40BC-B363-3033DDD8A159}.Debug|Any CPU.ActiveCfg = Debug|Any CPU
		{DAA25CEC-FC08-40BC-B363-3033DDD8A159}.Debug|Any CPU.Build.0 = Debug|Any CPU
		{DAA25CEC-FC08-40BC-B363-3033DDD8A159}.Release|Any CPU.ActiveCfg = Release|Any CPU
		{DAA25CEC-FC08-40BC-B363-3033DDD8A159}.Release|Any CPU.Build.0 = Release|Any CPU
	EndGlobalSection
	GlobalSection(SolutionProperties) = preSolution
		HideSolutionNode = FALSE
	EndGlobalSection
	GlobalSection(ExtensibilityGlobals) = postSolution
		SolutionGuid = {5EC25B56-AAF9-442E-A1D9-EB8F6E086C77}
	EndGlobalSection
EndGlobal
